{
  "name": "worker",
  "lockfileVersion": 3,
  "requires": true,
  "packages": {
    "": {
      "dependencies": {
        "render2": "^1.5.0"
      }
    },
    "node_modules/range-parser": {
      "version": "1.2.1",
      "resolved": "https://registry.npmjs.org/range-parser/-/range-parser-1.2.1.tgz",
      "integrity": "sha512-Hrgsx+orqoygnmhFbKaHE6c296J+HTAQXoxEF6gNupROmmGJRoyzfG3ccAveqCBrwr/2yxQ5BVd/GTl5agOwSg==",
      "license": "MIT",
      "engines": {
        "node": ">= 0.6"
      }
    },
    "node_modules/render2": {
      "version": "1.5.0",
      "resolved": "https://registry.npmjs.org/render2/-/render2-1.5.0.tgz",
      "integrity": "sha512-q60V+O193o4bevaWgMHoN9II5BsH4purEemu+NJnx0bBZ3x4Hxfkq9t0puOKemRnOhYhwc39HPVLaKgmAehFBQ==",
      "license": "MIT",
      "dependencies": {
        "range-parser": "^1.2.1"
      }
    }
  }
}
